
Microsoft Visual Studio Solution File, Format Version 12.00
# Visual Studio 15
VisualStudioVersion = 15.0.28307.539
MinimumVisualStudioVersion = 10.0.40219.1
Project("{888888A0-9F3D-457C-B088-3A5042F75D52}") = "extra credit lab", "extra credit lab\extra credit lab.pyproj", "{9B154C41-0B39-44D6-9DB7-6A6FDD7BC168}"
EndProject
Global
	GlobalSection(SolutionConfigurationPlatforms) = preSolution
		Debug|Any CPU = Debug|Any CPU
		Release|Any CPU = Release|Any CPU
	EndGlobalSection
	GlobalSection(ProjectConfigurationPlatforms) = postSolution
		{9B154C41-0B39-44D6-9DB7-6A6FDD7BC168}.Debug|Any CPU.ActiveCfg = Debug|Any CPU
		{9B154C41-0B39-44D6-9DB7-6A6FDD7BC168}.Release|Any CPU.ActiveCfg = Release|Any CPU
	EndGlobalSection
	GlobalSection(SolutionProperties) = preSolution
		HideSolutionNode = FALSE
	EndGlobalSection
	GlobalSection(ExtensibilityGlobals) = postSolution
		SolutionGuid = {CC3762C6-8F84-43C4-BA4D-7C6E3FAAAD87}
	EndGlobalSection
EndGlobal
